
Microsoft Visual Studio Solution File, Format Version 12.00
Project("{FAE04EC0-301F-11D3-BF4B-00C04F79EFBC}") = "MyProjectCar", "MyProjectCar\MyProjectCar.csproj", "{0059AC7D-9027-4785-A5EB-0FA2BCBD29E8}"
EndProject
Global
	GlobalSection(SolutionConfigurationPlatforms) = preSolution
		Debug|Any CPU = Debug|Any CPU
		Release|Any CPU = Release|Any CPU
	EndGlobalSection
	GlobalSection(ProjectConfigurationPlatforms) = postSolution
		{0059AC7D-9027-4785-A5EB-0FA2BCBD29E8}.Debug|Any CPU.ActiveCfg = Debug|Any CPU
		{0059AC7D-9027-4785-A5EB-0FA2BCBD29E8}.Debug|Any CPU.Build.0 = Debug|Any CPU
		{0059AC7D-9027-4785-A5EB-0FA2BCBD29E8}.Release|Any CPU.ActiveCfg = Release|Any CPU
		{0059AC7D-9027-4785-A5EB-0FA2BCBD29E8}.Release|Any CPU.Build.0 = Release|Any CPU
	EndGlobalSection
EndGlobal
